
Microsoft Visual Studio Solution File, Format Version 12.00
# Visual Studio Version 17
VisualStudioVersion = 17.0.31903.59
MinimumVisualStudioVersion = 10.0.40219.1
Project("{2150E333-8FDC-42A3-9474-1A3956D46DE8}") = "src", "src", "{B9ABC0A6-6D88-474E-B8C6-18ECAEC86BFA}"
EndProject
Project("{FAE04EC0-301F-11D3-BF4B-00C04F79EFBC}") = "WebCalculator", "src\WebCalculator\WebCalculator.csproj", "{B1EAE645-D3DB-4576-81D6-D88F7F6B2472}"
EndProject
Project("{2150E333-8FDC-42A3-9474-1A3956D46DE8}") = "tests", "tests", "{47F297FB-4667-4173-8460-A62D661CC3E3}"
EndProject
Project("{FAE04EC0-301F-11D3-BF4B-00C04F79EFBC}") = "WebCalculator.Tests", "tests\WebCalculator.Tests\WebCalculator.Tests.csproj", "{769E2F61-62B3-4CB4-BDA6-D5928C86CFFA}"
EndProject
Global
	GlobalSection(SolutionConfigurationPlatforms) = preSolution
		Debug|Any CPU = Debug|Any CPU
		Release|Any CPU = Release|Any CPU
	EndGlobalSection
	GlobalSection(SolutionProperties) = preSolution
		HideSolutionNode = FALSE
	EndGlobalSection
	GlobalSection(ProjectConfigurationPlatforms) = postSolution
		{B1EAE645-D3DB-4576-81D6-D88F7F6B2472}.Debug|Any CPU.ActiveCfg = Debug|Any CPU
		{B1EAE645-D3DB-4576-81D6-D88F7F6B2472}.Debug|Any CPU.Build.0 = Debug|Any CPU
		{B1EAE645-D3DB-4576-81D6-D88F7F6B2472}.Release|Any CPU.ActiveCfg = Release|Any CPU
		{B1EAE645-D3DB-4576-81D6-D88F7F6B2472}.Release|Any CPU.Build.0 = Release|Any CPU
		{769E2F61-62B3-4CB4-BDA6-D5928C86CFFA}.Debug|Any CPU.ActiveCfg = Debug|Any CPU
		{769E2F61-62B3-4CB4-BDA6-D5928C86CFFA}.Debug|Any CPU.Build.0 = Debug|Any CPU
		{769E2F61-62B3-4CB4-BDA6-D5928C86CFFA}.Release|Any CPU.ActiveCfg = Release|Any CPU
		{769E2F61-62B3-4CB4-BDA6-D5928C86CFFA}.Release|Any CPU.Build.0 = Release|Any CPU
	EndGlobalSection
	GlobalSection(NestedProjects) = preSolution
		{B1EAE645-D3DB-4576-81D6-D88F7F6B2472} = {B9ABC0A6-6D88-474E-B8C6-18ECAEC86BFA}
		{769E2F61-62B3-4CB4-BDA6-D5928C86CFFA} = {47F297FB-4667-4173-8460-A62D661CC3E3}
	EndGlobalSection
EndGlobal
